
Microsoft Visual Studio Solution File, Format Version 12.00
# Visual Studio Version 16
VisualStudioVersion = 16.0.30011.22
MinimumVisualStudioVersion = 10.0.40219.1
Project("{9A19103F-16F7-4668-BE54-9A1E7A4F7556}") = "WorkflowService", "WorkflowService\WorkflowService.csproj", "{C395C2B5-AA1D-4EFC-B376-7A5B0993BB14}"
EndProject
Project("{9A19103F-16F7-4668-BE54-9A1E7A4F7556}") = "Workflow.DAL", "Workflow.DAL\Workflow.DAL.csproj", "{2B68849F-E508-4A3E-817C-8E56D1AE6FA4}"
EndProject
Project("{9A19103F-16F7-4668-BE54-9A1E7A4F7556}") = "Workflow.Tests", "Workflow.Tests\Workflow.Tests.csproj", "{965D1996-EF38-41C6-8B92-1C8844802E35}"
EndProject
Project("{9A19103F-16F7-4668-BE54-9A1E7A4F7556}") = "Workflow.VM", "Workflow.VM\Workflow.VM.csproj", "{46A94A64-FD5D-4828-A84E-41F3967B2D7E}"
EndProject
Project("{9A19103F-16F7-4668-BE54-9A1E7A4F7556}") = "Workflow.Share", "Workflow.Share\Workflow.Share.csproj", "{4F67D94C-A590-4318-9E18-E0EEA0551B5F}"
EndProject
Project("{9A19103F-16F7-4668-BE54-9A1E7A4F7556}") = "Workflow.Services", "Workflow.Services\Workflow.Services.csproj", "{1F68123F-60B1-4849-AE81-D4ACCA21C289}"
EndProject
Global
	GlobalSection(SolutionConfigurationPlatforms) = preSolution
		Debug|Any CPU = Debug|Any CPU
		Release|Any CPU = Release|Any CPU
	EndGlobalSection
	GlobalSection(ProjectConfigurationPlatforms) = postSolution
		{C395C2B5-AA1D-4EFC-B376-7A5B0993BB14}.Debug|Any CPU.ActiveCfg = Debug|Any CPU
		{C395C2B5-AA1D-4EFC-B376-7A5B0993BB14}.Debug|Any CPU.Build.0 = Debug|Any CPU
		{C395C2B5-AA1D-4EFC-B376-7A5B0993BB14}.Release|Any CPU.ActiveCfg = Release|Any CPU
		{C395C2B5-AA1D-4EFC-B376-7A5B0993BB14}.Release|Any CPU.Build.0 = Release|Any CPU
		{2B68849F-E508-4A3E-817C-8E56D1AE6FA4}.Debug|Any CPU.ActiveCfg = Debug|Any CPU
		{2B68849F-E508-4A3E-817C-8E56D1AE6FA4}.Debug|Any CPU.Build.0 = Debug|Any CPU
		{2B68849F-E508-4A3E-817C-8E56D1AE6FA4}.Release|Any CPU.ActiveCfg = Release|Any CPU
		{2B68849F-E508-4A3E-817C-8E56D1AE6FA4}.Release|Any CPU.Build.0 = Release|Any CPU
		{965D1996-EF38-41C6-8B92-1C8844802E35}.Debug|Any CPU.ActiveCfg = Debug|Any CPU
		{965D1996-EF38-41C6-8B92-1C8844802E35}.Debug|Any CPU.Build.0 = Debug|Any CPU
		{965D1996-EF38-41C6-8B92-1C8844802E35}.Release|Any CPU.ActiveCfg = Release|Any CPU
		{965D1996-EF38-41C6-8B92-1C8844802E35}.Release|Any CPU.Build.0 = Release|Any CPU
		{46A94A64-FD5D-4828-A84E-41F3967B2D7E}.Debug|Any CPU.ActiveCfg = Debug|Any CPU
		{46A94A64-FD5D-4828-A84E-41F3967B2D7E}.Debug|Any CPU.Build.0 = Debug|Any CPU
		{46A94A64-FD5D-4828-A84E-41F3967B2D7E}.Release|Any CPU.ActiveCfg = Release|Any CPU
		{46A94A64-FD5D-4828-A84E-41F3967B2D7E}.Release|Any CPU.Build.0 = Release|Any CPU
		{4F67D94C-A590-4318-9E18-E0EEA0551B5F}.Debug|Any CPU.ActiveCfg = Debug|Any CPU
		{4F67D94C-A590-4318-9E18-E0EEA0551B5F}.Debug|Any CPU.Build.0 = Debug|Any CPU
		{4F67D94C-A590-4318-9E18-E0EEA0551B5F}.Release|Any CPU.ActiveCfg = Release|Any CPU
		{4F67D94C-A590-4318-9E18-E0EEA0551B5F}.Release|Any CPU.Build.0 = Release|Any CPU
		{1F68123F-60B1-4849-AE81-D4ACCA21C289}.Debug|Any CPU.ActiveCfg = Debug|Any CPU
		{1F68123F-60B1-4849-AE81-D4ACCA21C289}.Debug|Any CPU.Build.0 = Debug|Any CPU
		{1F68123F-60B1-4849-AE81-D4ACCA21C289}.Release|Any CPU.ActiveCfg = Release|Any CPU
		{1F68123F-60B1-4849-AE81-D4ACCA21C289}.Release|Any CPU.Build.0 = Release|Any CPU
	EndGlobalSection
	GlobalSection(SolutionProperties) = preSolution
		HideSolutionNode = FALSE
	EndGlobalSection
	GlobalSection(ExtensibilityGlobals) = postSolution
		SolutionGuid = {3E387094-579B-4FF6-A305-BB9142C3A18A}
	EndGlobalSection
EndGlobal
